// !$*UTF8*$!
{
	archiveVersion = 1;
	classes = {
	};
	objectVersion = 46;
	objects = {

/* Begin PBXBuildFile section */
		BE15879D1A7CBF3F00B0D8ED /* main.m in Sources */ = {isa = PBXBuildFile; fileRef = BE15879C1A7CBF3F00B0D8ED /* main.m */; };
		BE1587A01A7CBF3F00B0D8ED /* AppDelegate.m in Sources */ = {isa = PBXBuildFile; fileRef = BE15879F1A7CBF3F00B0D8ED /* AppDelegate.m */; };
		BE1587A91A7CBF3F00B0D8ED /* Main.storyboard in Resources */ = {isa = PBXBuildFile; fileRef = BE1587A71A7CBF3F00B0D8ED /* Main.storyboard */; };
		BE1587AB1A7CBF3F00B0D8ED /* Images.xcassets in Resources */ = {isa = PBXBuildFile; fileRef = BE1587AA1A7CBF3F00B0D8ED /* Images.xcassets */; };
		BE1587AE1A7CBF3F00B0D8ED /* LaunchScreen.xib in Resources */ = {isa = PBXBuildFile; fileRef = BE1587AC1A7CBF3F00B0D8ED /* LaunchScreen.xib */; };
		BE1587BA1A7CBF3F00B0D8ED /* RendezvousTests.m in Sources */ = {isa = PBXBuildFile; fileRef = BE1587B91A7CBF3F00B0D8ED /* RendezvousTests.m */; };
		BE1587CD1A7CD11500B0D8ED /* AMTagListView.m in Sources */ = {isa = PBXBuildFile; fileRef = BE1587CA1A7CD11500B0D8ED /* AMTagListView.m */; };
		BE1587CE1A7CD11500B0D8ED /* AMTagView.m in Sources */ = {isa = PBXBuildFile; fileRef = BE1587CC1A7CD11500B0D8ED /* AMTagView.m */; };
		BE1587D51A7CD39A00B0D8ED /* InterestsViewController.m in Sources */ = {isa = PBXBuildFile; fileRef = BE1587D41A7CD39A00B0D8ED /* InterestsViewController.m */; };
/* End PBXBuildFile section */

/* Begin PBXContainerItemProxy section */
		BE1587B41A7CBF3F00B0D8ED /* PBXContainerItemProxy */ = {
			isa = PBXContainerItemProxy;
			containerPortal = BE15878F1A7CBF3F00B0D8ED /* Project object */;
			proxyType = 1;
			remoteGlobalIDString = BE1587961A7CBF3F00B0D8ED;
			remoteInfo = Rendezvous;
		};
/* End PBXContainerItemProxy section */

/* Begin PBXFileReference section */
		BE1587971A7CBF3F00B0D8ED /* Rendezvous.app */ = {isa = PBXFileReference; explicitFileType = wrapper.application; includeInIndex = 0; path = Rendezvous.app; sourceTree = BUILT_PRODUCTS_DIR; };
		BE15879B1A7CBF3F00B0D8ED /* Info.plist */ = {isa = PBXFileReference; lastKnownFileType = text.plist.xml; path = Info.plist; sourceTree = "<group>"; };
		BE15879C1A7CBF3F00B0D8ED /* main.m */ = {isa = PBXFileReference; lastKnownFileType = sourcecode.c.objc; path = main.m; sourceTree = "<group>"; };
		BE15879E1A7CBF3F00B0D8ED /* AppDelegate.h */ = {isa = PBXFileReference; lastKnownFileType = sourcecode.c.h; path = AppDelegate.h; sourceTree = "<group>"; };
		BE15879F1A7CBF3F00B0D8ED /* AppDelegate.m */ = {isa = PBXFileReference; lastKnownFileType = sourcecode.c.objc; path = AppDelegate.m; sourceTree = "<group>"; };
		BE1587A81A7CBF3F00B0D8ED /* Base */ = {isa = PBXFileReference; lastKnownFileType = file.storyboard; name = Base; path = Base.lproj/Main.storyboard; sourceTree = "<group>"; };
		BE1587AA1A7CBF3F00B0D8ED /* Images.xcassets */ = {isa = PBXFileReference; lastKnownFileType = folder.assetcatalog; path = Images.xcassets; sourceTree = "<group>"; };
		BE1587AD1A7CBF3F00B0D8ED /* Base */ = {isa = PBXFileReference; lastKnownFileType = file.xib; name = Base; path = Base.lproj/LaunchScreen.xib; sourceTree = "<group>"; };
		BE1587B31A7CBF3F00B0D8ED /* RendezvousTests.xctest */ = {isa = PBXFileReference; explicitFileType = wrapper.cfbundle; includeInIndex = 0; path = RendezvousTests.xctest; sourceTree = BUILT_PRODUCTS_DIR; };
		BE1587B81A7CBF3F00B0D8ED /* Info.plist */ = {isa = PBXFileReference; lastKnownFileType = text.plist.xml; path = Info.plist; sourceTree = "<group>"; };
		BE1587B91A7CBF3F00B0D8ED /* RendezvousTests.m */ = {isa = PBXFileReference; lastKnownFileType = sourcecode.c.objc; path = RendezvousTests.m; sourceTree = "<group>"; };
		BE1587C91A7CD11500B0D8ED /* AMTagListView.h */ = {isa = PBXFileReference; fileEncoding = 4; lastKnownFileType = sourcecode.c.h; path = AMTagListView.h; sourceTree = "<group>"; };
		BE1587CA1A7CD11500B0D8ED /* AMTagListView.m */ = {isa = PBXFileReference; fileEncoding = 4; lastKnownFileType = sourcecode.c.objc; path = AMTagListView.m; sourceTree = "<group>"; };
		BE1587CB1A7CD11500B0D8ED /* AMTagView.h */ = {isa = PBXFileReference; fileEncoding = 4; lastKnownFileType = sourcecode.c.h; path = AMTagView.h; sourceTree = "<group>"; };
		BE1587CC1A7CD11500B0D8ED /* AMTagView.m */ = {isa = PBXFileReference; fileEncoding = 4; lastKnownFileType = sourcecode.c.objc; path = AMTagView.m; sourceTree = "<group>"; };
		BE1587D31A7CD39A00B0D8ED /* InterestsViewController.h */ = {isa = PBXFileReference; fileEncoding = 4; lastKnownFileType = sourcecode.c.h; path = InterestsViewController.h; sourceTree = "<group>"; };
		BE1587D41A7CD39A00B0D8ED /* InterestsViewController.m */ = {isa = PBXFileReference; fileEncoding = 4; lastKnownFileType = sourcecode.c.objc; path = InterestsViewController.m; sourceTree = "<group>"; };
/* End PBXFileReference section */

/* Begin PBXFrameworksBuildPhase section */
		BE1587941A7CBF3F00B0D8ED /* Frameworks */ = {
			isa = PBXFrameworksBuildPhase;
			buildActionMask = 2147483647;
			files = (
			);
			runOnlyForDeploymentPostprocessing = 0;
		};
		BE1587B01A7CBF3F00B0D8ED /* Frameworks */ = {
			isa = PBXFrameworksBuildPhase;
			buildActionMask = 2147483647;
			files = (
			);
			runOnlyForDeploymentPostprocessing = 0;
		};
/* End PBXFrameworksBuildPhase section */

/* Begin PBXGroup section */
		BE15878E1A7CBF3F00B0D8ED = {
			isa = PBXGroup;
			children = (
				BE1587991A7CBF3F00B0D8ED /* Rendezvous */,
				BE1587B61A7CBF3F00B0D8ED /* RendezvousTests */,
				BE1587981A7CBF3F00B0D8ED /* Products */,
			);
			sourceTree = "<group>";
		};
		BE1587981A7CBF3F00B0D8ED /* Products */ = {
			isa = PBXGroup;
			children = (
				BE1587971A7CBF3F00B0D8ED /* Rendezvous.app */,
				BE1587B31A7CBF3F00B0D8ED /* RendezvousTests.xctest */,
			);
			name = Products;
			sourceTree = "<group>";
		};
		BE1587991A7CBF3F00B0D8ED /* Rendezvous */ = {
			isa = PBXGroup;
			children = (
				BE1587D31A7CD39A00B0D8ED /* InterestsViewController.h */,
				BE1587D41A7CD39A00B0D8ED /* InterestsViewController.m */,
				BE15879E1A7CBF3F00B0D8ED /* AppDelegate.h */,
				BE15879F1A7CBF3F00B0D8ED /* AppDelegate.m */,
				BE1587A71A7CBF3F00B0D8ED /* Main.storyboard */,
				BE1587CF1A7CD11B00B0D8ED /* AMTag */,
				BE1587AA1A7CBF3F00B0D8ED /* Images.xcassets */,
				BE1587AC1A7CBF3F00B0D8ED /* LaunchScreen.xib */,
				BE15879A1A7CBF3F00B0D8ED /* Supporting Files */,
			);
			path = Rendezvous;
			sourceTree = "<group>";
		};
		BE15879A1A7CBF3F00B0D8ED /* Supporting Files */ = {
			isa = PBXGroup;
			children = (
				BE15879B1A7CBF3F00B0D8ED /* Info.plist */,
				BE15879C1A7CBF3F00B0D8ED /* main.m */,
			);
			name = "Supporting Files";
			sourceTree = "<group>";
		};
		BE1587B61A7CBF3F00B0D8ED /* RendezvousTests */ = {
			isa = PBXGroup;
			children = (
				BE1587B91A7CBF3F00B0D8ED /* RendezvousTests.m */,
				BE1587B71A7CBF3F00B0D8ED /* Supporting Files */,
			);
			path = RendezvousTests;
			sourceTree = "<group>";
		};
		BE1587B71A7CBF3F00B0D8ED /* Supporting Files */ = {
			isa = PBXGroup;
			children = (
				BE1587B81A7CBF3F00B0D8ED /* Info.plist */,
			);
			name = "Supporting Files";
			sourceTree = "<group>";
		};
		BE1587CF1A7CD11B00B0D8ED /* AMTag */ = {
			isa = PBXGroup;
			children = (
				BE1587C91A7CD11500B0D8ED /* AMTagListView.h */,
				BE1587CA1A7CD11500B0D8ED /* AMTagListView.m */,
				BE1587CB1A7CD11500B0D8ED /* AMTagView.h */,
				BE1587CC1A7CD11500B0D8ED /* AMTagView.m */,
			);
			name = AMTag;
			sourceTree = "<group>";
		};
/* End PBXGroup section */

/* Begin PBXNativeTarget section */
		BE1587961A7CBF3F00B0D8ED /* Rendezvous */ = {
			isa = PBXNativeTarget;
			buildConfigurationList = BE1587BD1A7CBF3F00B0D8ED /* Build configuration list for PBXNativeTarget "Rendezvous" */;
			buildPhases = (
				BE1587931A7CBF3F00B0D8ED /* Sources */,
				BE1587941A7CBF3F00B0D8ED /* Frameworks */,
				BE1587951A7CBF3F00B0D8ED /* Resources */,
			);
			buildRules = (
			);
			dependencies = (
			);
			name = Rendezvous;
			productName = Rendezvous;
			productReference = BE1587971A7CBF3F00B0D8ED /* Rendezvous.app */;
			productType = "com.apple.product-type.application";
		};
		BE1587B21A7CBF3F00B0D8ED /* RendezvousTests */ = {
			isa = PBXNativeTarget;
			buildConfigurationList = BE1587C01A7CBF3F00B0D8ED /* Build configuration list for PBXNativeTarget "RendezvousTests" */;
			buildPhases = (
				BE1587AF1A7CBF3F00B0D8ED /* Sources */,
				BE1587B01A7CBF3F00B0D8ED /* Frameworks */,
				BE1587B11A7CBF3F00B0D8ED /* Resources */,
			);
			buildRules = (
			);
			dependencies = (
				BE1587B51A7CBF3F00B0D8ED /* PBXTargetDependency */,
			);
			name = RendezvousTests;
			productName = RendezvousTests;
			productReference = BE1587B31A7CBF3F00B0D8ED /* RendezvousTests.xctest */;
			productType = "com.apple.product-type.bundle.unit-test";
		};
/* End PBXNativeTarget section */

/* Begin PBXProject section */
		BE15878F1A7CBF3F00B0D8ED /* Project object */ = {
			isa = PBXProject;
			attributes = {
				LastUpgradeCheck = 0610;
				ORGANIZATIONNAME = IPQZ;
				TargetAttributes = {
					BE1587961A7CBF3F00B0D8ED = {
						CreatedOnToolsVersion = 6.1.1;
					};
					BE1587B21A7CBF3F00B0D8ED = {
						CreatedOnToolsVersion = 6.1.1;
						TestTargetID = BE1587961A7CBF3F00B0D8ED;
					};
				};
			};
			buildConfigurationList = BE1587921A7CBF3F00B0D8ED /* Build configuration list for PBXProject "Rendezvous" */;
			compatibilityVersion = "Xcode 3.2";
			developmentRegion = English;
			hasScannedForEncodings = 0;
			knownRegions = (
				en,
				Base,
			);
			mainGroup = BE15878E1A7CBF3F00B0D8ED;
			productRefGroup = BE1587981A7CBF3F00B0D8ED /* Products */;
			projectDirPath = "";
			projectRoot = "";
			targets = (
				BE1587961A7CBF3F00B0D8ED /* Rendezvous */,
				BE1587B21A7CBF3F00B0D8ED /* RendezvousTests */,
			);
		};
/* End PBXProject section */

/* Begin PBXResourcesBuildPhase section */
		BE1587951A7CBF3F00B0D8ED /* Resources */ = {
			isa = PBXResourcesBuildPhase;
			buildActionMask = 2147483647;
			files = (
				BE1587A91A7CBF3F00B0D8ED /* Main.storyboard in Resources */,
				BE1587AE1A7CBF3F00B0D8ED /* LaunchScreen.xib in Resources */,
				BE1587AB1A7CBF3F00B0D8ED /* Images.xcassets in Resources */,
			);
			runOnlyForDeploymentPostprocessing = 0;
		};
		BE1587B11A7CBF3F00B0D8ED /* Resources */ = {
			isa = PBXResourcesBuildPhase;
			buildActionMask = 2147483647;
			files = (
			);
			runOnlyForDeploymentPostprocessing = 0;
		};
/* End PBXResourcesBuildPhase section */

/* Begin PBXSourcesBuildPhase section */
		BE1587931A7CBF3F00B0D8ED /* Sources */ = {
			isa = PBXSourcesBuildPhase;
			buildActionMask = 2147483647;
			files = (
				BE1587A01A7CBF3F00B0D8ED /* AppDelegate.m in Sources */,
				BE1587CD1A7CD11500B0D8ED /* AMTagListView.m in Sources */,
				BE1587CE1A7CD11500B0D8ED /* AMTagView.m in Sources */,
				BE15879D1A7CBF3F00B0D8ED /* main.m in Sources */,
				BE1587D51A7CD39A00B0D8ED /* InterestsViewController.m in Sources */,
			);
			runOnlyForDeploymentPostprocessing = 0;
		};
		BE1587AF1A7CBF3F00B0D8ED /* Sources */ = {
			isa = PBXSourcesBuildPhase;
			buildActionMask = 2147483647;
			files = (
				BE1587BA1A7CBF3F00B0D8ED /* RendezvousTests.m in Sources */,
			);
			runOnlyForDeploymentPostprocessing = 0;
		};
/* End PBXSourcesBuildPhase section */

/* Begin PBXTargetDependency section */
		BE1587B51A7CBF3F00B0D8ED /* PBXTargetDependency */ = {
			isa = PBXTargetDependency;
			target = BE1587961A7CBF3F00B0D8ED /* Rendezvous */;
			targetProxy = BE1587B41A7CBF3F00B0D8ED /* PBXContainerItemProxy */;
		};
/* End PBXTargetDependency section */

/* Begin PBXVariantGroup section */
		BE1587A71A7CBF3F00B0D8ED /* Main.storyboard */ = {
			isa = PBXVariantGroup;
			children = (
				BE1587A81A7CBF3F00B0D8ED /* Base */,
			);
			name = Main.storyboard;
			sourceTree = "<group>";
		};
		BE1587AC1A7CBF3F00B0D8ED /* LaunchScreen.xib */ = {
			isa = PBXVariantGroup;
			children = (
				BE1587AD1A7CBF3F00B0D8ED /* Base */,
			);
			name = LaunchScreen.xib;
			sourceTree = "<group>";
		};
/* End PBXVariantGroup section */

/* Begin XCBuildConfiguration section */
		BE1587BB1A7CBF3F00B0D8ED /* Debug */ = {
			isa = XCBuildConfiguration;
			buildSettings = {
				ALWAYS_SEARCH_USER_PATHS = NO;
				CLANG_CXX_LANGUAGE_STANDARD = "gnu++0x";
				CLANG_CXX_LIBRARY = "libc++";
				CLANG_ENABLE_MODULES = YES;
				CLANG_ENABLE_OBJC_ARC = YES;
				CLANG_WARN_BOOL_CONVERSION = YES;
				CLANG_WARN_CONSTANT_CONVERSION = YES;
				CLANG_WARN_DIRECT_OBJC_ISA_USAGE = YES_ERROR;
				CLANG_WARN_EMPTY_BODY = YES;
				CLANG_WARN_ENUM_CONVERSION = YES;
				CLANG_WARN_INT_CONVERSION = YES;
				CLANG_WARN_OBJC_ROOT_CLASS = YES_ERROR;
				CLANG_WARN_UNREACHABLE_CODE = YES;
				CLANG_WARN__DUPLICATE_METHOD_MATCH = YES;
				"CODE_SIGN_IDENTITY[sdk=iphoneos*]" = "iPhone Developer";
				COPY_PHASE_STRIP = NO;
				ENABLE_STRICT_OBJC_MSGSEND = YES;
				GCC_C_LANGUAGE_STANDARD = gnu99;
				GCC_DYNAMIC_NO_PIC = NO;
				GCC_OPTIMIZATION_LEVEL = 0;
				GCC_PREPROCESSOR_DEFINITIONS = (
					"DEBUG=1",
					"$(inherited)",
				);
				GCC_SYMBOLS_PRIVATE_EXTERN = NO;
				GCC_WARN_64_TO_32_BIT_CONVERSION = YES;
				GCC_WARN_ABOUT_RETURN_TYPE = YES_ERROR;
				GCC_WARN_UNDECLARED_SELECTOR = YES;
				GCC_WARN_UNINITIALIZED_AUTOS = YES_AGGRESSIVE;
				GCC_WARN_UNUSED_FUNCTION = YES;
				GCC_WARN_UNUSED_VARIABLE = YES;
				IPHONEOS_DEPLOYMENT_TARGET = 8.1;
				MTL_ENABLE_DEBUG_INFO = YES;
				ONLY_ACTIVE_ARCH = YES;
				SDKROOT = iphoneos;
			};
			name = Debug;
		};
		BE1587BC1A7CBF3F00B0D8ED /* Release */ = {
			isa = XCBuildConfiguration;
			buildSettings = {
				ALWAYS_SEARCH_USER_PATHS = NO;
				CLANG_CXX_LANGUAGE_STANDARD = "gnu++0x";
				CLANG_CXX_LIBRARY = "libc++";
				CLANG_ENABLE_MODULES = YES;
				CLANG_ENABLE_OBJC_ARC = YES;
				CLANG_WARN_BOOL_CONVERSION = YES;
				CLANG_WARN_CONSTANT_CONVERSION = YES;
				CLANG_WARN_DIRECT_OBJC_ISA_USAGE = YES_ERROR;
				CLANG_WARN_EMPTY_BODY = YES;
				CLANG_WARN_ENUM_CONVERSION = YES;
				CLANG_WARN_INT_CONVERSION = YES;
				CLANG_WARN_OBJC_ROOT_CLASS = YES_ERROR;
				CLANG_WARN_UNREACHABLE_CODE = YES;
				CLANG_WARN__DUPLICATE_METHOD_MATCH = YES;
				"CODE_SIGN_IDENTITY[sdk=iphoneos*]" = "iPhone Developer";
				COPY_PHASE_STRIP = YES;
				ENABLE_NS_ASSERTIONS = NO;
				ENABLE_STRICT_OBJC_MSGSEND = YES;
				GCC_C_LANGUAGE_STANDARD = gnu99;
				GCC_WARN_64_TO_32_BIT_CONVERSION = YES;
				GCC_WARN_ABOUT_RETURN_TYPE = YES_ERROR;
				GCC_WARN_UNDECLARED_SELECTOR = YES;
				GCC_WARN_UNINITIALIZED_AUTOS = YES_AGGRESSIVE;
				GCC_WARN_UNUSED_FUNCTION = YES;
				GCC_WARN_UNUSED_VARIABLE = YES;
				IPHONEOS_DEPLOYMENT_TARGET = 8.1;
				MTL_ENABLE_DEBUG_INFO = NO;
				SDKROOT = iphoneos;
				VALIDATE_PRODUCT = YES;
			};
			name = Release;
		};
		BE1587BE1A7CBF3F00B0D8ED /* Debug */ = {
			isa = XCBuildConfiguration;
			buildSettings = {
				ASSETCATALOG_COMPILER_APPICON_NAME = AppIcon;
				INFOPLIST_FILE = Rendezvous/Info.plist;
				IPHONEOS_DEPLOYMENT_TARGET = 7.1;
				LD_RUNPATH_SEARCH_PATHS = "$(inherited) @executable_path/Frameworks";
				PRODUCT_NAME = "$(TARGET_NAME)";
			};
			name = Debug;
		};
		BE1587BF1A7CBF3F00B0D8ED /* Release */ = {
			isa = XCBuildConfiguration;
			buildSettings = {
				ASSETCATALOG_COMPILER_APPICON_NAME = AppIcon;
				INFOPLIST_FILE = Rendezvous/Info.plist;
				IPHONEOS_DEPLOYMENT_TARGET = 7.1;
				LD_RUNPATH_SEARCH_PATHS = "$(inherited) @executable_path/Frameworks";
				PRODUCT_NAME = "$(TARGET_NAME)";
			};
			name = Release;
		};
		BE1587C11A7CBF3F00B0D8ED /* Debug */ = {
			isa = XCBuildConfiguration;
			buildSettings = {
				BUNDLE_LOADER = "$(TEST_HOST)";
				FRAMEWORK_SEARCH_PATHS = (
					"$(SDKROOT)/Developer/Library/Frameworks",
					"$(inherited)",
				);
				GCC_PREPROCESSOR_DEFINITIONS = (
					"DEBUG=1",
					"$(inherited)",
				);
				INFOPLIST_FILE = RendezvousTests/Info.plist;
				LD_RUNPATH_SEARCH_PATHS = "$(inherited) @executable_path/Frameworks @loader_path/Frameworks";
				PRODUCT_NAME = "$(TARGET_NAME)";
				TEST_HOST = "$(BUILT_PRODUCTS_DIR)/Rendezvous.app/Rendezvous";
			};
			name = Debug;
		};
		BE1587C21A7CBF3F00B0D8ED /* Release */ = {
			isa = XCBuildConfiguration;
			buildSettings = {
				BUNDLE_LOADER = "$(TEST_HOST)";
				FRAMEWORK_SEARCH_PATHS = (
					"$(SDKROOT)/Developer/Library/Frameworks",
					"$(inherited)",
				);
				INFOPLIST_FILE = RendezvousTests/Info.plist;
				LD_RUNPATH_SEARCH_PATHS = "$(inherited) @executable_path/Frameworks @loader_path/Frameworks";
				PRODUCT_NAME = "$(TARGET_NAME)";
				TEST_HOST = "$(BUILT_PRODUCTS_DIR)/Rendezvous.app/Rendezvous";
			};
			name = Release;
		};
/* End XCBuildConfiguration section */

/* Begin XCConfigurationList section */
		BE1587921A7CBF3F00B0D8ED /* Build configuration list for PBXProject "Rendezvous" */ = {
			isa = XCConfigurationList;
			buildConfigurations = (
				BE1587BB1A7CBF3F00B0D8ED /* Debug */,
				BE1587BC1A7CBF3F00B0D8ED /* Release */,
			);
			defaultConfigurationIsVisible = 0;
			defaultConfigurationName = Release;
		};
		BE1587BD1A7CBF3F00B0D8ED /* Build configuration list for PBXNativeTarget "Rendezvous" */ = {
			isa = XCConfigurationList;
			buildConfigurations = (
				BE1587BE1A7CBF3F00B0D8ED /* Debug */,
				BE1587BF1A7CBF3F00B0D8ED /* Release */,
			);
			defaultConfigurationIsVisible = 0;
		};
		BE1587C01A7CBF3F00B0D8ED /* Build configuration list for PBXNativeTarget "RendezvousTests" */ = {
			isa = XCConfigurationList;
			buildConfigurations = (
				BE1587C11A7CBF3F00B0D8ED /* Debug */,
				BE1587C21A7CBF3F00B0D8ED /* Release */,
			);
			defaultConfigurationIsVisible = 0;
		};
/* End XCConfigurationList section */
	};
	rootObject = BE15878F1A7CBF3F00B0D8ED /* Project object */;
}
